
Microsoft Visual Studio Solution File, Format Version 12.00
# Visual Studio Version 17
VisualStudioVersion = 17.5.33516.290
MinimumVisualStudioVersion = 10.0.40219.1
Project("{FAE04EC0-301F-11D3-BF4B-00C04F79EFBC}") = "restaurant-api-asp.net", "restaurant-api-asp.net.csproj", "{1ACB9604-2A85-49C0-8FCB-98F49B9625DB}"
EndProject
Global
	GlobalSection(SolutionConfigurationPlatforms) = preSolution
		Debug|Any CPU = Debug|Any CPU
		Release|Any CPU = Release|Any CPU
	EndGlobalSection
	GlobalSection(ProjectConfigurationPlatforms) = postSolution
		{1ACB9604-2A85-49C0-8FCB-98F49B9625DB}.Debug|Any CPU.ActiveCfg = Debug|Any CPU
		{1ACB9604-2A85-49C0-8FCB-98F49B9625DB}.Debug|Any CPU.Build.0 = Debug|Any CPU
		{1ACB9604-2A85-49C0-8FCB-98F49B9625DB}.Release|Any CPU.ActiveCfg = Release|Any CPU
		{1ACB9604-2A85-49C0-8FCB-98F49B9625DB}.Release|Any CPU.Build.0 = Release|Any CPU
	EndGlobalSection
	GlobalSection(SolutionProperties) = preSolution
		HideSolutionNode = FALSE
	EndGlobalSection
	GlobalSection(ExtensibilityGlobals) = postSolution
		SolutionGuid = {78F92476-145C-4566-8A04-0446B85DA5A0}
	EndGlobalSection
EndGlobal
